
Microsoft Visual Studio Solution File, Format Version 12.00
# Visual Studio Version 17
VisualStudioVersion = 17.13.35818.85 d17.13
MinimumVisualStudioVersion = 10.0.40219.1
Project("{FAE04EC0-301F-11D3-BF4B-00C04F79EFBC}") = "EterPharmaPro", "EterPharmaPro.csproj", "{71939C18-C3E8-4C1A-917E-66B82B45DC0B}"
EndProject
Project("{FAE04EC0-301F-11D3-BF4B-00C04F79EFBC}") = "EterLibrary", "..\..\EterLibrary\EterLibrary.csproj", "{70C99881-E777-4155-4777-DB6F8DA4B87B}"
EndProject
Global
	GlobalSection(SolutionConfigurationPlatforms) = preSolution
		Debug|Any CPU = Debug|Any CPU
		Release|Any CPU = Release|Any CPU
	EndGlobalSection
	GlobalSection(ProjectConfigurationPlatforms) = postSolution
		{71939C18-C3E8-4C1A-917E-66B82B45DC0B}.Debug|Any CPU.ActiveCfg = Debug|Any CPU
		{71939C18-C3E8-4C1A-917E-66B82B45DC0B}.Debug|Any CPU.Build.0 = Debug|Any CPU
		{71939C18-C3E8-4C1A-917E-66B82B45DC0B}.Release|Any CPU.ActiveCfg = Release|Any CPU
		{71939C18-C3E8-4C1A-917E-66B82B45DC0B}.Release|Any CPU.Build.0 = Release|Any CPU
		{70C99881-E777-4155-4777-DB6F8DA4B87B}.Debug|Any CPU.ActiveCfg = Debug|Any CPU
		{70C99881-E777-4155-4777-DB6F8DA4B87B}.Debug|Any CPU.Build.0 = Debug|Any CPU
		{70C99881-E777-4155-4777-DB6F8DA4B87B}.Release|Any CPU.ActiveCfg = Release|Any CPU
		{70C99881-E777-4155-4777-DB6F8DA4B87B}.Release|Any CPU.Build.0 = Release|Any CPU
	EndGlobalSection
	GlobalSection(SolutionProperties) = preSolution
		HideSolutionNode = FALSE
	EndGlobalSection
	GlobalSection(ExtensibilityGlobals) = postSolution
		SolutionGuid = {87EE68DB-D4AB-498A-B615-3FEF51AF7952}
	EndGlobalSection
EndGlobal
